// !$*UTF8*$!
{
	archiveVersion = 1;
	classes = {
	};
	objectVersion = 56;
	objects = {

/* Begin PBXBuildFile section */
		3F3D5A692C69FF77007D3116 /* Quantum_LabyrinthApp.swift in Sources */ = {isa = PBXBuildFile; fileRef = 3F3D5A682C69FF77007D3116 /* Quantum_LabyrinthApp.swift */; };
		3F3D5A6B2C69FF77007D3116 /* ContentView.swift in Sources */ = {isa = PBXBuildFile; fileRef = 3F3D5A6A2C69FF77007D3116 /* ContentView.swift */; };
		3F3D5A6D2C69FF79007D3116 /* Assets.xcassets in Resources */ = {isa = PBXBuildFile; fileRef = 3F3D5A6C2C69FF79007D3116 /* Assets.xcassets */; };
		3F3D5A702C69FF79007D3116 /* Preview Assets.xcassets in Resources */ = {isa = PBXBuildFile; fileRef = 3F3D5A6F2C69FF79007D3116 /* Preview Assets.xcassets */; };
		3F3D5A782C69FF98007D3116 /* GameBoard.swift in Sources */ = {isa = PBXBuildFile; fileRef = 3F3D5A772C69FF98007D3116 /* GameBoard.swift */; };
		3F3D5A7A2C69FFA5007D3116 /* Player.swift in Sources */ = {isa = PBXBuildFile; fileRef = 3F3D5A792C69FFA5007D3116 /* Player.swift */; };
		3F3D5A7C2C69FFE0007D3116 /* GameState.swift in Sources */ = {isa = PBXBuildFile; fileRef = 3F3D5A7B2C69FFE0007D3116 /* GameState.swift */; };
		3F3D5A7F2C69FFF3007D3116 /* GameBoardView.swift in Sources */ = {isa = PBXBuildFile; fileRef = 3F3D5A7E2C69FFF3007D3116 /* GameBoardView.swift */; };
		3F3D5A832C6A000A007D3116 /* ControlPanelView.swift in Sources */ = {isa = PBXBuildFile; fileRef = 3F3D5A822C6A000A007D3116 /* ControlPanelView.swift */; };
		3F3D5A862C6A001F007D3116 /* GameViewModel.swift in Sources */ = {isa = PBXBuildFile; fileRef = 3F3D5A852C6A001F007D3116 /* GameViewModel.swift */; };
		3F3D5A892C6A0033007D3116 /* Constants.swift in Sources */ = {isa = PBXBuildFile; fileRef = 3F3D5A882C6A0033007D3116 /* Constants.swift */; };
		3F3D5A8B2C6A0535007D3116 /* CellView.swift in Sources */ = {isa = PBXBuildFile; fileRef = 3F3D5A8A2C6A0535007D3116 /* CellView.swift */; };
		3F3D5A8D2C6A0594007D3116 /* MessageView.swift in Sources */ = {isa = PBXBuildFile; fileRef = 3F3D5A8C2C6A0594007D3116 /* MessageView.swift */; };
		3F3D5A8F2C6A05A9007D3116 /* QuantumButtonStyle.swift in Sources */ = {isa = PBXBuildFile; fileRef = 3F3D5A8E2C6A05A9007D3116 /* QuantumButtonStyle.swift */; };
		3F3D5A912C6A05DE007D3116 /* SetupView.swift in Sources */ = {isa = PBXBuildFile; fileRef = 3F3D5A902C6A05DE007D3116 /* SetupView.swift */; };
		3F3D5A932C6A05FB007D3116 /* GameOverView.swift in Sources */ = {isa = PBXBuildFile; fileRef = 3F3D5A922C6A05FB007D3116 /* GameOverView.swift */; };
		3F3D5A952C6A088A007D3116 /* QuantumButton.swift in Sources */ = {isa = PBXBuildFile; fileRef = 3F3D5A942C6A088A007D3116 /* QuantumButton.swift */; };
		3F3D5A972C6A08F2007D3116 /* TimerView.swift in Sources */ = {isa = PBXBuildFile; fileRef = 3F3D5A962C6A08F2007D3116 /* TimerView.swift */; };
		3F3D5A992C6A094B007D3116 /* GameMode.swift in Sources */ = {isa = PBXBuildFile; fileRef = 3F3D5A982C6A094B007D3116 /* GameMode.swift */; };
		3F47A65E2C6D0AB200904A2B /* QuantumColor.swift in Sources */ = {isa = PBXBuildFile; fileRef = 3F47A65D2C6D0AB200904A2B /* QuantumColor.swift */; };
		3FB879842C6E4C8300DD04D4 /* MockGameViewModel.swift in Sources */ = {isa = PBXBuildFile; fileRef = 3FB879832C6E4C8300DD04D4 /* MockGameViewModel.swift */; };
		3FD29BDB2C6B36A500169089 /* StatusPanelView.swift in Sources */ = {isa = PBXBuildFile; fileRef = 3FD29BDA2C6B36A500169089 /* StatusPanelView.swift */; };
		3FD29BDD2C6B36C400169089 /* StatusItemView.swift in Sources */ = {isa = PBXBuildFile; fileRef = 3FD29BDC2C6B36C400169089 /* StatusItemView.swift */; };
		3FD29BE12C6B37EA00169089 /* Color+Extension.swift in Sources */ = {isa = PBXBuildFile; fileRef = 3FD29BE02C6B37EA00169089 /* Color+Extension.swift */; };
		3FD29BE32C6B461600169089 /* CellType.swift in Sources */ = {isa = PBXBuildFile; fileRef = 3FD29BE22C6B461600169089 /* CellType.swift */; };
/* End PBXBuildFile section */

/* Begin PBXFileReference section */
		3F3D5A652C69FF77007D3116 /* Quantum Labyrinth.app */ = {isa = PBXFileReference; explicitFileType = wrapper.application; includeInIndex = 0; path = "Quantum Labyrinth.app"; sourceTree = BUILT_PRODUCTS_DIR; };
		3F3D5A682C69FF77007D3116 /* Quantum_LabyrinthApp.swift */ = {isa = PBXFileReference; lastKnownFileType = sourcecode.swift; path = Quantum_LabyrinthApp.swift; sourceTree = "<group>"; };
		3F3D5A6A2C69FF77007D3116 /* ContentView.swift */ = {isa = PBXFileReference; lastKnownFileType = sourcecode.swift; path = ContentView.swift; sourceTree = "<group>"; };
		3F3D5A6C2C69FF79007D3116 /* Assets.xcassets */ = {isa = PBXFileReference; lastKnownFileType = folder.assetcatalog; path = Assets.xcassets; sourceTree = "<group>"; };
		3F3D5A6F2C69FF79007D3116 /* Preview Assets.xcassets */ = {isa = PBXFileReference; lastKnownFileType = folder.assetcatalog; path = "Preview Assets.xcassets"; sourceTree = "<group>"; };
		3F3D5A772C69FF98007D3116 /* GameBoard.swift */ = {isa = PBXFileReference; lastKnownFileType = sourcecode.swift; path = GameBoard.swift; sourceTree = "<group>"; };
		3F3D5A792C69FFA5007D3116 /* Player.swift */ = {isa = PBXFileReference; lastKnownFileType = sourcecode.swift; path = Player.swift; sourceTree = "<group>"; };
		3F3D5A7B2C69FFE0007D3116 /* GameState.swift */ = {isa = PBXFileReference; lastKnownFileType = sourcecode.swift; path = GameState.swift; sourceTree = "<group>"; };
		3F3D5A7E2C69FFF3007D3116 /* GameBoardView.swift */ = {isa = PBXFileReference; lastKnownFileType = sourcecode.swift; path = GameBoardView.swift; sourceTree = "<group>"; };
		3F3D5A822C6A000A007D3116 /* ControlPanelView.swift */ = {isa = PBXFileReference; lastKnownFileType = sourcecode.swift; path = ControlPanelView.swift; sourceTree = "<group>"; };
		3F3D5A852C6A001F007D3116 /* GameViewModel.swift */ = {isa = PBXFileReference; lastKnownFileType = sourcecode.swift; path = GameViewModel.swift; sourceTree = "<group>"; };
		3F3D5A882C6A0033007D3116 /* Constants.swift */ = {isa = PBXFileReference; lastKnownFileType = sourcecode.swift; path = Constants.swift; sourceTree = "<group>"; };
		3F3D5A8A2C6A0535007D3116 /* CellView.swift */ = {isa = PBXFileReference; lastKnownFileType = sourcecode.swift; path = CellView.swift; sourceTree = "<group>"; };
		3F3D5A8C2C6A0594007D3116 /* MessageView.swift */ = {isa = PBXFileReference; lastKnownFileType = sourcecode.swift; path = MessageView.swift; sourceTree = "<group>"; };
		3F3D5A8E2C6A05A9007D3116 /* QuantumButtonStyle.swift */ = {isa = PBXFileReference; lastKnownFileType = sourcecode.swift; path = QuantumButtonStyle.swift; sourceTree = "<group>"; };
		3F3D5A902C6A05DE007D3116 /* SetupView.swift */ = {isa = PBXFileReference; lastKnownFileType = sourcecode.swift; path = SetupView.swift; sourceTree = "<group>"; };
		3F3D5A922C6A05FB007D3116 /* GameOverView.swift */ = {isa = PBXFileReference; lastKnownFileType = sourcecode.swift; path = GameOverView.swift; sourceTree = "<group>"; };
		3F3D5A942C6A088A007D3116 /* QuantumButton.swift */ = {isa = PBXFileReference; lastKnownFileType = sourcecode.swift; path = QuantumButton.swift; sourceTree = "<group>"; };
		3F3D5A962C6A08F2007D3116 /* TimerView.swift */ = {isa = PBXFileReference; lastKnownFileType = sourcecode.swift; path = TimerView.swift; sourceTree = "<group>"; };
		3F3D5A982C6A094B007D3116 /* GameMode.swift */ = {isa = PBXFileReference; lastKnownFileType = sourcecode.swift; path = GameMode.swift; sourceTree = "<group>"; };
		3F47A65D2C6D0AB200904A2B /* QuantumColor.swift */ = {isa = PBXFileReference; lastKnownFileType = sourcecode.swift; path = QuantumColor.swift; sourceTree = "<group>"; };
		3FB879832C6E4C8300DD04D4 /* MockGameViewModel.swift */ = {isa = PBXFileReference; lastKnownFileType = sourcecode.swift; path = MockGameViewModel.swift; sourceTree = "<group>"; };
		3FD29BDA2C6B36A500169089 /* StatusPanelView.swift */ = {isa = PBXFileReference; lastKnownFileType = sourcecode.swift; path = StatusPanelView.swift; sourceTree = "<group>"; };
		3FD29BDC2C6B36C400169089 /* StatusItemView.swift */ = {isa = PBXFileReference; lastKnownFileType = sourcecode.swift; path = StatusItemView.swift; sourceTree = "<group>"; };
		3FD29BE02C6B37EA00169089 /* Color+Extension.swift */ = {isa = PBXFileReference; lastKnownFileType = sourcecode.swift; path = "Color+Extension.swift"; sourceTree = "<group>"; };
		3FD29BE22C6B461600169089 /* CellType.swift */ = {isa = PBXFileReference; lastKnownFileType = sourcecode.swift; path = CellType.swift; sourceTree = "<group>"; };
/* End PBXFileReference section */

/* Begin PBXFrameworksBuildPhase section */
		3F3D5A622C69FF77007D3116 /* Frameworks */ = {
			isa = PBXFrameworksBuildPhase;
			buildActionMask = 2147483647;
			files = (
			);
			runOnlyForDeploymentPostprocessing = 0;
		};
/* End PBXFrameworksBuildPhase section */

/* Begin PBXGroup section */
		3F3D5A5C2C69FF77007D3116 = {
			isa = PBXGroup;
			children = (
				3FCA359D2C6C6DA90020DEB2 /* Resource */,
				3F3D5A672C69FF77007D3116 /* Quantum Labyrinth */,
				3F3D5A762C69FF88007D3116 /* Model */,
				3F3D5A7D2C69FFE8007D3116 /* View */,
				3F3D5A842C6A0011007D3116 /* ViewModel */,
				3F3D5A872C6A0027007D3116 /* Utilities */,
				3F3D5A662C69FF77007D3116 /* Products */,
			);
			sourceTree = "<group>";
		};
		3F3D5A662C69FF77007D3116 /* Products */ = {
			isa = PBXGroup;
			children = (
				3F3D5A652C69FF77007D3116 /* Quantum Labyrinth.app */,
			);
			name = Products;
			sourceTree = "<group>";
		};
		3F3D5A672C69FF77007D3116 /* Quantum Labyrinth */ = {
			isa = PBXGroup;
			children = (
				3F3D5A682C69FF77007D3116 /* Quantum_LabyrinthApp.swift */,
				3F3D5A6A2C69FF77007D3116 /* ContentView.swift */,
				3F3D5A6E2C69FF79007D3116 /* Preview Content */,
			);
			path = "Quantum Labyrinth";
			sourceTree = "<group>";
		};
		3F3D5A6E2C69FF79007D3116 /* Preview Content */ = {
			isa = PBXGroup;
			children = (
				3F3D5A6F2C69FF79007D3116 /* Preview Assets.xcassets */,
			);
			path = "Preview Content";
			sourceTree = "<group>";
		};
		3F3D5A762C69FF88007D3116 /* Model */ = {
			isa = PBXGroup;
			children = (
				3F3D5A792C69FFA5007D3116 /* Player.swift */,
				3F3D5A772C69FF98007D3116 /* GameBoard.swift */,
				3F3D5A7B2C69FFE0007D3116 /* GameState.swift */,
				3F3D5A942C6A088A007D3116 /* QuantumButton.swift */,
				3FD29BE22C6B461600169089 /* CellType.swift */,
			);
			path = Model;
			sourceTree = "<group>";
		};
		3F3D5A7D2C69FFE8007D3116 /* View */ = {
			isa = PBXGroup;
			children = (
				3F3D5A7E2C69FFF3007D3116 /* GameBoardView.swift */,
				3F3D5A822C6A000A007D3116 /* ControlPanelView.swift */,
				3F3D5A8A2C6A0535007D3116 /* CellView.swift */,
				3F3D5A8C2C6A0594007D3116 /* MessageView.swift */,
				3F3D5A902C6A05DE007D3116 /* SetupView.swift */,
				3F3D5A922C6A05FB007D3116 /* GameOverView.swift */,
				3F3D5A962C6A08F2007D3116 /* TimerView.swift */,
				3FD29BDA2C6B36A500169089 /* StatusPanelView.swift */,
				3FD29BDC2C6B36C400169089 /* StatusItemView.swift */,
			);
			path = View;
			sourceTree = "<group>";
		};
		3F3D5A842C6A0011007D3116 /* ViewModel */ = {
			isa = PBXGroup;
			children = (
				3F3D5A852C6A001F007D3116 /* GameViewModel.swift */,
				3FB879832C6E4C8300DD04D4 /* MockGameViewModel.swift */,
			);
			path = ViewModel;
			sourceTree = "<group>";
		};
		3F3D5A872C6A0027007D3116 /* Utilities */ = {
			isa = PBXGroup;
			children = (
				3F3D5A882C6A0033007D3116 /* Constants.swift */,
				3F3D5A8E2C6A05A9007D3116 /* QuantumButtonStyle.swift */,
				3F3D5A982C6A094B007D3116 /* GameMode.swift */,
				3FD29BE02C6B37EA00169089 /* Color+Extension.swift */,
				3F47A65D2C6D0AB200904A2B /* QuantumColor.swift */,
			);
			path = Utilities;
			sourceTree = "<group>";
		};
		3FCA359D2C6C6DA90020DEB2 /* Resource */ = {
			isa = PBXGroup;
			children = (
				3F3D5A6C2C69FF79007D3116 /* Assets.xcassets */,
			);
			path = Resource;
			sourceTree = "<group>";
		};
/* End PBXGroup section */

/* Begin PBXNativeTarget section */
		3F3D5A642C69FF77007D3116 /* Quantum Labyrinth */ = {
			isa = PBXNativeTarget;
			buildConfigurationList = 3F3D5A732C69FF79007D3116 /* Build configuration list for PBXNativeTarget "Quantum Labyrinth" */;
			buildPhases = (
				3F3D5A612C69FF77007D3116 /* Sources */,
				3F3D5A622C69FF77007D3116 /* Frameworks */,
				3F3D5A632C69FF77007D3116 /* Resources */,
			);
			buildRules = (
			);
			dependencies = (
			);
			name = "Quantum Labyrinth";
			productName = "Quantum Labyrinth";
			productReference = 3F3D5A652C69FF77007D3116 /* Quantum Labyrinth.app */;
			productType = "com.apple.product-type.application";
		};
/* End PBXNativeTarget section */

/* Begin PBXProject section */
		3F3D5A5D2C69FF77007D3116 /* Project object */ = {
			isa = PBXProject;
			attributes = {
				BuildIndependentTargetsInParallel = 1;
				LastSwiftUpdateCheck = 1540;
				LastUpgradeCheck = 1540;
				TargetAttributes = {
					3F3D5A642C69FF77007D3116 = {
						CreatedOnToolsVersion = 15.4;
					};
				};
			};
			buildConfigurationList = 3F3D5A602C69FF77007D3116 /* Build configuration list for PBXProject "Quantum Labyrinth" */;
			compatibilityVersion = "Xcode 14.0";
			developmentRegion = en;
			hasScannedForEncodings = 0;
			knownRegions = (
				en,
				Base,
			);
			mainGroup = 3F3D5A5C2C69FF77007D3116;
			productRefGroup = 3F3D5A662C69FF77007D3116 /* Products */;
			projectDirPath = "";
			projectRoot = "";
			targets = (
				3F3D5A642C69FF77007D3116 /* Quantum Labyrinth */,
			);
		};
/* End PBXProject section */

/* Begin PBXResourcesBuildPhase section */
		3F3D5A632C69FF77007D3116 /* Resources */ = {
			isa = PBXResourcesBuildPhase;
			buildActionMask = 2147483647;
			files = (
				3F3D5A702C69FF79007D3116 /* Preview Assets.xcassets in Resources */,
				3F3D5A6D2C69FF79007D3116 /* Assets.xcassets in Resources */,
			);
			runOnlyForDeploymentPostprocessing = 0;
		};
/* End PBXResourcesBuildPhase section */

/* Begin PBXSourcesBuildPhase section */
		3F3D5A612C69FF77007D3116 /* Sources */ = {
			isa = PBXSourcesBuildPhase;
			buildActionMask = 2147483647;
			files = (
				3F3D5A8D2C6A0594007D3116 /* MessageView.swift in Sources */,
				3FD29BE12C6B37EA00169089 /* Color+Extension.swift in Sources */,
				3FB879842C6E4C8300DD04D4 /* MockGameViewModel.swift in Sources */,
				3F3D5A8B2C6A0535007D3116 /* CellView.swift in Sources */,
				3F3D5A862C6A001F007D3116 /* GameViewModel.swift in Sources */,
				3F3D5A7A2C69FFA5007D3116 /* Player.swift in Sources */,
				3F3D5A6B2C69FF77007D3116 /* ContentView.swift in Sources */,
				3FD29BDD2C6B36C400169089 /* StatusItemView.swift in Sources */,
				3F3D5A952C6A088A007D3116 /* QuantumButton.swift in Sources */,
				3F3D5A972C6A08F2007D3116 /* TimerView.swift in Sources */,
				3F3D5A7C2C69FFE0007D3116 /* GameState.swift in Sources */,
				3F3D5A892C6A0033007D3116 /* Constants.swift in Sources */,
				3F3D5A782C69FF98007D3116 /* GameBoard.swift in Sources */,
				3F3D5A832C6A000A007D3116 /* ControlPanelView.swift in Sources */,
				3F3D5A932C6A05FB007D3116 /* GameOverView.swift in Sources */,
				3FD29BDB2C6B36A500169089 /* StatusPanelView.swift in Sources */,
				3F3D5A912C6A05DE007D3116 /* SetupView.swift in Sources */,
				3FD29BE32C6B461600169089 /* CellType.swift in Sources */,
				3F47A65E2C6D0AB200904A2B /* QuantumColor.swift in Sources */,
				3F3D5A992C6A094B007D3116 /* GameMode.swift in Sources */,
				3F3D5A692C69FF77007D3116 /* Quantum_LabyrinthApp.swift in Sources */,
				3F3D5A8F2C6A05A9007D3116 /* QuantumButtonStyle.swift in Sources */,
				3F3D5A7F2C69FFF3007D3116 /* GameBoardView.swift in Sources */,
			);
			runOnlyForDeploymentPostprocessing = 0;
		};
/* End PBXSourcesBuildPhase section */

/* Begin XCBuildConfiguration section */
		3F3D5A712C69FF79007D3116 /* Debug */ = {
			isa = XCBuildConfiguration;
			buildSettings = {
				ALWAYS_SEARCH_USER_PATHS = NO;
				ASSETCATALOG_COMPILER_GENERATE_SWIFT_ASSET_SYMBOL_EXTENSIONS = YES;
				CLANG_ANALYZER_NONNULL = YES;
				CLANG_ANALYZER_NUMBER_OBJECT_CONVERSION = YES_AGGRESSIVE;
				CLANG_CXX_LANGUAGE_STANDARD = "gnu++20";
				CLANG_ENABLE_MODULES = YES;
				CLANG_ENABLE_OBJC_ARC = YES;
				CLANG_ENABLE_OBJC_WEAK = YES;
				CLANG_WARN_BLOCK_CAPTURE_AUTORELEASING = YES;
				CLANG_WARN_BOOL_CONVERSION = YES;
				CLANG_WARN_COMMA = YES;
				CLANG_WARN_CONSTANT_CONVERSION = YES;
				CLANG_WARN_DEPRECATED_OBJC_IMPLEMENTATIONS = YES;
				CLANG_WARN_DIRECT_OBJC_ISA_USAGE = YES_ERROR;
				CLANG_WARN_DOCUMENTATION_COMMENTS = YES;
				CLANG_WARN_EMPTY_BODY = YES;
				CLANG_WARN_ENUM_CONVERSION = YES;
				CLANG_WARN_INFINITE_RECURSION = YES;
				CLANG_WARN_INT_CONVERSION = YES;
				CLANG_WARN_NON_LITERAL_NULL_CONVERSION = YES;
				CLANG_WARN_OBJC_IMPLICIT_RETAIN_SELF = YES;
				CLANG_WARN_OBJC_LITERAL_CONVERSION = YES;
				CLANG_WARN_OBJC_ROOT_CLASS = YES_ERROR;
				CLANG_WARN_QUOTED_INCLUDE_IN_FRAMEWORK_HEADER = YES;
				CLANG_WARN_RANGE_LOOP_ANALYSIS = YES;
				CLANG_WARN_STRICT_PROTOTYPES = YES;
				CLANG_WARN_SUSPICIOUS_MOVE = YES;
				CLANG_WARN_UNGUARDED_AVAILABILITY = YES_AGGRESSIVE;
				CLANG_WARN_UNREACHABLE_CODE = YES;
				CLANG_WARN__DUPLICATE_METHOD_MATCH = YES;
				COPY_PHASE_STRIP = NO;
				DEBUG_INFORMATION_FORMAT = dwarf;
				ENABLE_STRICT_OBJC_MSGSEND = YES;
				ENABLE_TESTABILITY = YES;
				ENABLE_USER_SCRIPT_SANDBOXING = YES;
				GCC_C_LANGUAGE_STANDARD = gnu17;
				GCC_DYNAMIC_NO_PIC = NO;
				GCC_NO_COMMON_BLOCKS = YES;
				GCC_OPTIMIZATION_LEVEL = 0;
				GCC_PREPROCESSOR_DEFINITIONS = (
					"DEBUG=1",
					"$(inherited)",
				);
				GCC_WARN_64_TO_32_BIT_CONVERSION = YES;
				GCC_WARN_ABOUT_RETURN_TYPE = YES_ERROR;
				GCC_WARN_UNDECLARED_SELECTOR = YES;
				GCC_WARN_UNINITIALIZED_AUTOS = YES_AGGRESSIVE;
				GCC_WARN_UNUSED_FUNCTION = YES;
				GCC_WARN_UNUSED_VARIABLE = YES;
				IPHONEOS_DEPLOYMENT_TARGET = 17.5;
				LOCALIZATION_PREFERS_STRING_CATALOGS = YES;
				MTL_ENABLE_DEBUG_INFO = INCLUDE_SOURCE;
				MTL_FAST_MATH = YES;
				ONLY_ACTIVE_ARCH = YES;
				SDKROOT = iphoneos;
				SWIFT_ACTIVE_COMPILATION_CONDITIONS = "DEBUG $(inherited)";
				SWIFT_OPTIMIZATION_LEVEL = "-Onone";
			};
			name = Debug;
		};
		3F3D5A722C69FF79007D3116 /* Release */ = {
			isa = XCBuildConfiguration;
			buildSettings = {
				ALWAYS_SEARCH_USER_PATHS = NO;
				ASSETCATALOG_COMPILER_GENERATE_SWIFT_ASSET_SYMBOL_EXTENSIONS = YES;
				CLANG_ANALYZER_NONNULL = YES;
				CLANG_ANALYZER_NUMBER_OBJECT_CONVERSION = YES_AGGRESSIVE;
				CLANG_CXX_LANGUAGE_STANDARD = "gnu++20";
				CLANG_ENABLE_MODULES = YES;
				CLANG_ENABLE_OBJC_ARC = YES;
				CLANG_ENABLE_OBJC_WEAK = YES;
				CLANG_WARN_BLOCK_CAPTURE_AUTORELEASING = YES;
				CLANG_WARN_BOOL_CONVERSION = YES;
				CLANG_WARN_COMMA = YES;
				CLANG_WARN_CONSTANT_CONVERSION = YES;
				CLANG_WARN_DEPRECATED_OBJC_IMPLEMENTATIONS = YES;
				CLANG_WARN_DIRECT_OBJC_ISA_USAGE = YES_ERROR;
				CLANG_WARN_DOCUMENTATION_COMMENTS = YES;
				CLANG_WARN_EMPTY_BODY = YES;
				CLANG_WARN_ENUM_CONVERSION = YES;
				CLANG_WARN_INFINITE_RECURSION = YES;
				CLANG_WARN_INT_CONVERSION = YES;
				CLANG_WARN_NON_LITERAL_NULL_CONVERSION = YES;
				CLANG_WARN_OBJC_IMPLICIT_RETAIN_SELF = YES;
				CLANG_WARN_OBJC_LITERAL_CONVERSION = YES;
				CLANG_WARN_OBJC_ROOT_CLASS = YES_ERROR;
				CLANG_WARN_QUOTED_INCLUDE_IN_FRAMEWORK_HEADER = YES;
				CLANG_WARN_RANGE_LOOP_ANALYSIS = YES;
				CLANG_WARN_STRICT_PROTOTYPES = YES;
				CLANG_WARN_SUSPICIOUS_MOVE = YES;
				CLANG_WARN_UNGUARDED_AVAILABILITY = YES_AGGRESSIVE;
				CLANG_WARN_UNREACHABLE_CODE = YES;
				CLANG_WARN__DUPLICATE_METHOD_MATCH = YES;
				COPY_PHASE_STRIP = NO;
				DEBUG_INFORMATION_FORMAT = "dwarf-with-dsym";
				ENABLE_NS_ASSERTIONS = NO;
				ENABLE_STRICT_OBJC_MSGSEND = YES;
				ENABLE_USER_SCRIPT_SANDBOXING = YES;
				GCC_C_LANGUAGE_STANDARD = gnu17;
				GCC_NO_COMMON_BLOCKS = YES;
				GCC_WARN_64_TO_32_BIT_CONVERSION = YES;
				GCC_WARN_ABOUT_RETURN_TYPE = YES_ERROR;
				GCC_WARN_UNDECLARED_SELECTOR = YES;
				GCC_WARN_UNINITIALIZED_AUTOS = YES_AGGRESSIVE;
				GCC_WARN_UNUSED_FUNCTION = YES;
				GCC_WARN_UNUSED_VARIABLE = YES;
				IPHONEOS_DEPLOYMENT_TARGET = 17.5;
				LOCALIZATION_PREFERS_STRING_CATALOGS = YES;
				MTL_ENABLE_DEBUG_INFO = NO;
				MTL_FAST_MATH = YES;
				SDKROOT = iphoneos;
				SWIFT_COMPILATION_MODE = wholemodule;
				VALIDATE_PRODUCT = YES;
			};
			name = Release;
		};
		3F3D5A742C69FF79007D3116 /* Debug */ = {
			isa = XCBuildConfiguration;
			buildSettings = {
				ASSETCATALOG_COMPILER_APPICON_NAME = AppIcon;
				ASSETCATALOG_COMPILER_GLOBAL_ACCENT_COLOR_NAME = AccentColor;
				CODE_SIGN_STYLE = Automatic;
				CURRENT_PROJECT_VERSION = 1;
				DEVELOPMENT_ASSET_PATHS = "\"Quantum Labyrinth/Preview Content\"";
				DEVELOPMENT_TEAM = Z3JXZ55PGX;
				ENABLE_PREVIEWS = YES;
				GENERATE_INFOPLIST_FILE = YES;
				INFOPLIST_FILE = "Quantum-Labyrinth-Info.plist";
				INFOPLIST_KEY_UIApplicationSceneManifest_Generation = YES;
				INFOPLIST_KEY_UIApplicationSupportsIndirectInputEvents = YES;
				INFOPLIST_KEY_UILaunchScreen_Generation = YES;
				INFOPLIST_KEY_UISupportedInterfaceOrientations = "UIInterfaceOrientationLandscapeLeft UIInterfaceOrientationLandscapeRight";
				LD_RUNPATH_SEARCH_PATHS = (
					"$(inherited)",
					"@executable_path/Frameworks",
				);
				MARKETING_VERSION = 1.0;
				PRODUCT_BUNDLE_IDENTIFIER = "vn.edu.rmit.loc.Quantum-Labyrinth";
				PRODUCT_NAME = "$(TARGET_NAME)";
				SWIFT_EMIT_LOC_STRINGS = YES;
				SWIFT_VERSION = 5.0;
				TARGETED_DEVICE_FAMILY = "1,2";
			};
			name = Debug;
		};
		3F3D5A752C69FF79007D3116 /* Release */ = {
			isa = XCBuildConfiguration;
			buildSettings = {
				ASSETCATALOG_COMPILER_APPICON_NAME = AppIcon;
				ASSETCATALOG_COMPILER_GLOBAL_ACCENT_COLOR_NAME = AccentColor;
				CODE_SIGN_STYLE = Automatic;
				CURRENT_PROJECT_VERSION = 1;
				DEVELOPMENT_ASSET_PATHS = "\"Quantum Labyrinth/Preview Content\"";
				DEVELOPMENT_TEAM = Z3JXZ55PGX;
				ENABLE_PREVIEWS = YES;
				GENERATE_INFOPLIST_FILE = YES;
				INFOPLIST_FILE = "Quantum-Labyrinth-Info.plist";
				INFOPLIST_KEY_UIApplicationSceneManifest_Generation = YES;
				INFOPLIST_KEY_UIApplicationSupportsIndirectInputEvents = YES;
				INFOPLIST_KEY_UILaunchScreen_Generation = YES;
				INFOPLIST_KEY_UISupportedInterfaceOrientations = "UIInterfaceOrientationLandscapeLeft UIInterfaceOrientationLandscapeRight";
				LD_RUNPATH_SEARCH_PATHS = (
					"$(inherited)",
					"@executable_path/Frameworks",
				);
				MARKETING_VERSION = 1.0;
				PRODUCT_BUNDLE_IDENTIFIER = "vn.edu.rmit.loc.Quantum-Labyrinth";
				PRODUCT_NAME = "$(TARGET_NAME)";
				SWIFT_EMIT_LOC_STRINGS = YES;
				SWIFT_VERSION = 5.0;
				TARGETED_DEVICE_FAMILY = "1,2";
			};
			name = Release;
		};
/* End XCBuildConfiguration section */

/* Begin XCConfigurationList section */
		3F3D5A602C69FF77007D3116 /* Build configuration list for PBXProject "Quantum Labyrinth" */ = {
			isa = XCConfigurationList;
			buildConfigurations = (
				3F3D5A712C69FF79007D3116 /* Debug */,
				3F3D5A722C69FF79007D3116 /* Release */,
			);
			defaultConfigurationIsVisible = 0;
			defaultConfigurationName = Release;
		};
		3F3D5A732C69FF79007D3116 /* Build configuration list for PBXNativeTarget "Quantum Labyrinth" */ = {
			isa = XCConfigurationList;
			buildConfigurations = (
				3F3D5A742C69FF79007D3116 /* Debug */,
				3F3D5A752C69FF79007D3116 /* Release */,
			);
			defaultConfigurationIsVisible = 0;
			defaultConfigurationName = Release;
		};
/* End XCConfigurationList section */
	};
	rootObject = 3F3D5A5D2C69FF77007D3116 /* Project object */;
}
